// !$*UTF8*$!
{
	archiveVersion = 1;
	classes = {
	};
	objectVersion = 56;
	objects = {

/* Begin PBXBuildFile section */
		F713A5E22B15A8460022936E /* AppDelegate.swift in Sources */ = {isa = PBXBuildFile; fileRef = F713A5E12B15A8460022936E /* AppDelegate.swift */; };
		F713A5E42B15A8460022936E /* SceneDelegate.swift in Sources */ = {isa = PBXBuildFile; fileRef = F713A5E32B15A8460022936E /* SceneDelegate.swift */; };
		F713A5E62B15A8460022936E /* ViewController.swift in Sources */ = {isa = PBXBuildFile; fileRef = F713A5E52B15A8460022936E /* ViewController.swift */; };
		F713A5E92B15A8460022936E /* Main.storyboard in Resources */ = {isa = PBXBuildFile; fileRef = F713A5E72B15A8460022936E /* Main.storyboard */; };
		F713A5EB2B15A8480022936E /* Assets.xcassets in Resources */ = {isa = PBXBuildFile; fileRef = F713A5EA2B15A8480022936E /* Assets.xcassets */; };
		F713A5EE2B15A8480022936E /* LaunchScreen.storyboard in Resources */ = {isa = PBXBuildFile; fileRef = F713A5EC2B15A8480022936E /* LaunchScreen.storyboard */; };
		F713A5F62B15A9880022936E /* TitleCollectionViewCell.swift in Sources */ = {isa = PBXBuildFile; fileRef = F713A5F52B15A9880022936E /* TitleCollectionViewCell.swift */; };
		F713A5F82B15B4F20022936E /* ChatCollectionViewCell.swift in Sources */ = {isa = PBXBuildFile; fileRef = F713A5F72B15B4F20022936E /* ChatCollectionViewCell.swift */; };
		F713A5FA2B15BD3C0022936E /* CollectionView.swift in Sources */ = {isa = PBXBuildFile; fileRef = F713A5F92B15BD3C0022936E /* CollectionView.swift */; };
		F713A5FC2B15BDA70022936E /* TitleItemsStruct.swift in Sources */ = {isa = PBXBuildFile; fileRef = F713A5FB2B15BDA70022936E /* TitleItemsStruct.swift */; };
		F713A5FE2B15BE120022936E /* CellItemsStruct.swift in Sources */ = {isa = PBXBuildFile; fileRef = F713A5FD2B15BE120022936E /* CellItemsStruct.swift */; };
		F713A6012B15BF0B0022936E /* DataNumberOfCellsStruct.swift in Sources */ = {isa = PBXBuildFile; fileRef = F713A6002B15BF0B0022936E /* DataNumberOfCellsStruct.swift */; };
/* End PBXBuildFile section */

/* Begin PBXFileReference section */
		F713A5DE2B15A8460022936E /* HomeworkCollectionView.app */ = {isa = PBXFileReference; explicitFileType = wrapper.application; includeInIndex = 0; path = HomeworkCollectionView.app; sourceTree = BUILT_PRODUCTS_DIR; };
		F713A5E12B15A8460022936E /* AppDelegate.swift */ = {isa = PBXFileReference; lastKnownFileType = sourcecode.swift; path = AppDelegate.swift; sourceTree = "<group>"; };
		F713A5E32B15A8460022936E /* SceneDelegate.swift */ = {isa = PBXFileReference; lastKnownFileType = sourcecode.swift; path = SceneDelegate.swift; sourceTree = "<group>"; };
		F713A5E52B15A8460022936E /* ViewController.swift */ = {isa = PBXFileReference; lastKnownFileType = sourcecode.swift; path = ViewController.swift; sourceTree = "<group>"; };
		F713A5E82B15A8460022936E /* Base */ = {isa = PBXFileReference; lastKnownFileType = file.storyboard; name = Base; path = Base.lproj/Main.storyboard; sourceTree = "<group>"; };
		F713A5EA2B15A8480022936E /* Assets.xcassets */ = {isa = PBXFileReference; lastKnownFileType = folder.assetcatalog; path = Assets.xcassets; sourceTree = "<group>"; };
		F713A5ED2B15A8480022936E /* Base */ = {isa = PBXFileReference; lastKnownFileType = file.storyboard; name = Base; path = Base.lproj/LaunchScreen.storyboard; sourceTree = "<group>"; };
		F713A5EF2B15A8480022936E /* Info.plist */ = {isa = PBXFileReference; lastKnownFileType = text.plist.xml; path = Info.plist; sourceTree = "<group>"; };
		F713A5F52B15A9880022936E /* TitleCollectionViewCell.swift */ = {isa = PBXFileReference; lastKnownFileType = sourcecode.swift; path = TitleCollectionViewCell.swift; sourceTree = "<group>"; };
		F713A5F72B15B4F20022936E /* ChatCollectionViewCell.swift */ = {isa = PBXFileReference; lastKnownFileType = sourcecode.swift; path = ChatCollectionViewCell.swift; sourceTree = "<group>"; };
		F713A5F92B15BD3C0022936E /* CollectionView.swift */ = {isa = PBXFileReference; lastKnownFileType = sourcecode.swift; path = CollectionView.swift; sourceTree = "<group>"; };
		F713A5FB2B15BDA70022936E /* TitleItemsStruct.swift */ = {isa = PBXFileReference; lastKnownFileType = sourcecode.swift; path = TitleItemsStruct.swift; sourceTree = "<group>"; };
		F713A5FD2B15BE120022936E /* CellItemsStruct.swift */ = {isa = PBXFileReference; lastKnownFileType = sourcecode.swift; path = CellItemsStruct.swift; sourceTree = "<group>"; };
		F713A6002B15BF0B0022936E /* DataNumberOfCellsStruct.swift */ = {isa = PBXFileReference; lastKnownFileType = sourcecode.swift; path = DataNumberOfCellsStruct.swift; sourceTree = "<group>"; };
/* End PBXFileReference section */

/* Begin PBXFrameworksBuildPhase section */
		F713A5DB2B15A8460022936E /* Frameworks */ = {
			isa = PBXFrameworksBuildPhase;
			buildActionMask = 2147483647;
			files = (
			);
			runOnlyForDeploymentPostprocessing = 0;
		};
/* End PBXFrameworksBuildPhase section */

/* Begin PBXGroup section */
		F713A5D52B15A8460022936E = {
			isa = PBXGroup;
			children = (
				F713A5E02B15A8460022936E /* HomeworkCollectionView */,
				F713A5DF2B15A8460022936E /* Products */,
			);
			sourceTree = "<group>";
		};
		F713A5DF2B15A8460022936E /* Products */ = {
			isa = PBXGroup;
			children = (
				F713A5DE2B15A8460022936E /* HomeworkCollectionView.app */,
			);
			name = Products;
			sourceTree = "<group>";
		};
		F713A5E02B15A8460022936E /* HomeworkCollectionView */ = {
			isa = PBXGroup;
			children = (
				F713A5E12B15A8460022936E /* AppDelegate.swift */,
				F713A5FF2B15BE600022936E /* Structs */,
				F713A5E32B15A8460022936E /* SceneDelegate.swift */,
				F713A5E52B15A8460022936E /* ViewController.swift */,
				F713A5F92B15BD3C0022936E /* CollectionView.swift */,
				F713A5F52B15A9880022936E /* TitleCollectionViewCell.swift */,
				F713A5F72B15B4F20022936E /* ChatCollectionViewCell.swift */,
				F713A5E72B15A8460022936E /* Main.storyboard */,
				F713A5EA2B15A8480022936E /* Assets.xcassets */,
				F713A5EC2B15A8480022936E /* LaunchScreen.storyboard */,
				F713A5EF2B15A8480022936E /* Info.plist */,
			);
			path = HomeworkCollectionView;
			sourceTree = "<group>";
		};
		F713A5FF2B15BE600022936E /* Structs */ = {
			isa = PBXGroup;
			children = (
				F713A5FB2B15BDA70022936E /* TitleItemsStruct.swift */,
				F713A5FD2B15BE120022936E /* CellItemsStruct.swift */,
				F713A6002B15BF0B0022936E /* DataNumberOfCellsStruct.swift */,
			);
			path = Structs;
			sourceTree = "<group>";
		};
/* End PBXGroup section */

/* Begin PBXNativeTarget section */
		F713A5DD2B15A8460022936E /* HomeworkCollectionView */ = {
			isa = PBXNativeTarget;
			buildConfigurationList = F713A5F22B15A8480022936E /* Build configuration list for PBXNativeTarget "HomeworkCollectionView" */;
			buildPhases = (
				F713A5DA2B15A8460022936E /* Sources */,
				F713A5DB2B15A8460022936E /* Frameworks */,
				F713A5DC2B15A8460022936E /* Resources */,
			);
			buildRules = (
			);
			dependencies = (
			);
			name = HomeworkCollectionView;
			productName = HomeworkCollectionView;
			productReference = F713A5DE2B15A8460022936E /* HomeworkCollectionView.app */;
			productType = "com.apple.product-type.application";
		};
/* End PBXNativeTarget section */

/* Begin PBXProject section */
		F713A5D62B15A8460022936E /* Project object */ = {
			isa = PBXProject;
			attributes = {
				BuildIndependentTargetsInParallel = 1;
				LastSwiftUpdateCheck = 1500;
				LastUpgradeCheck = 1500;
				TargetAttributes = {
					F713A5DD2B15A8460022936E = {
						CreatedOnToolsVersion = 15.0;
					};
				};
			};
			buildConfigurationList = F713A5D92B15A8460022936E /* Build configuration list for PBXProject "HomeworkCollectionView" */;
			compatibilityVersion = "Xcode 14.0";
			developmentRegion = en;
			hasScannedForEncodings = 0;
			knownRegions = (
				en,
				Base,
			);
			mainGroup = F713A5D52B15A8460022936E;
			productRefGroup = F713A5DF2B15A8460022936E /* Products */;
			projectDirPath = "";
			projectRoot = "";
			targets = (
				F713A5DD2B15A8460022936E /* HomeworkCollectionView */,
			);
		};
/* End PBXProject section */

/* Begin PBXResourcesBuildPhase section */
		F713A5DC2B15A8460022936E /* Resources */ = {
			isa = PBXResourcesBuildPhase;
			buildActionMask = 2147483647;
			files = (
				F713A5EE2B15A8480022936E /* LaunchScreen.storyboard in Resources */,
				F713A5EB2B15A8480022936E /* Assets.xcassets in Resources */,
				F713A5E92B15A8460022936E /* Main.storyboard in Resources */,
			);
			runOnlyForDeploymentPostprocessing = 0;
		};
/* End PBXResourcesBuildPhase section */

/* Begin PBXSourcesBuildPhase section */
		F713A5DA2B15A8460022936E /* Sources */ = {
			isa = PBXSourcesBuildPhase;
			buildActionMask = 2147483647;
			files = (
				F713A5FA2B15BD3C0022936E /* CollectionView.swift in Sources */,
				F713A5E62B15A8460022936E /* ViewController.swift in Sources */,
				F713A5F62B15A9880022936E /* TitleCollectionViewCell.swift in Sources */,
				F713A5E22B15A8460022936E /* AppDelegate.swift in Sources */,
				F713A5F82B15B4F20022936E /* ChatCollectionViewCell.swift in Sources */,
				F713A5FC2B15BDA70022936E /* TitleItemsStruct.swift in Sources */,
				F713A6012B15BF0B0022936E /* DataNumberOfCellsStruct.swift in Sources */,
				F713A5E42B15A8460022936E /* SceneDelegate.swift in Sources */,
				F713A5FE2B15BE120022936E /* CellItemsStruct.swift in Sources */,
			);
			runOnlyForDeploymentPostprocessing = 0;
		};
/* End PBXSourcesBuildPhase section */

/* Begin PBXVariantGroup section */
		F713A5E72B15A8460022936E /* Main.storyboard */ = {
			isa = PBXVariantGroup;
			children = (
				F713A5E82B15A8460022936E /* Base */,
			);
			name = Main.storyboard;
			sourceTree = "<group>";
		};
		F713A5EC2B15A8480022936E /* LaunchScreen.storyboard */ = {
			isa = PBXVariantGroup;
			children = (
				F713A5ED2B15A8480022936E /* Base */,
			);
			name = LaunchScreen.storyboard;
			sourceTree = "<group>";
		};
/* End PBXVariantGroup section */

/* Begin XCBuildConfiguration section */
		F713A5F02B15A8480022936E /* Debug */ = {
			isa = XCBuildConfiguration;
			buildSettings = {
				ALWAYS_SEARCH_USER_PATHS = NO;
				ASSETCATALOG_COMPILER_GENERATE_SWIFT_ASSET_SYMBOL_EXTENSIONS = YES;
				CLANG_ANALYZER_NONNULL = YES;
				CLANG_ANALYZER_NUMBER_OBJECT_CONVERSION = YES_AGGRESSIVE;
				CLANG_CXX_LANGUAGE_STANDARD = "gnu++20";
				CLANG_ENABLE_MODULES = YES;
				CLANG_ENABLE_OBJC_ARC = YES;
				CLANG_ENABLE_OBJC_WEAK = YES;
				CLANG_WARN_BLOCK_CAPTURE_AUTORELEASING = YES;
				CLANG_WARN_BOOL_CONVERSION = YES;
				CLANG_WARN_COMMA = YES;
				CLANG_WARN_CONSTANT_CONVERSION = YES;
				CLANG_WARN_DEPRECATED_OBJC_IMPLEMENTATIONS = YES;
				CLANG_WARN_DIRECT_OBJC_ISA_USAGE = YES_ERROR;
				CLANG_WARN_DOCUMENTATION_COMMENTS = YES;
				CLANG_WARN_EMPTY_BODY = YES;
				CLANG_WARN_ENUM_CONVERSION = YES;
				CLANG_WARN_INFINITE_RECURSION = YES;
				CLANG_WARN_INT_CONVERSION = YES;
				CLANG_WARN_NON_LITERAL_NULL_CONVERSION = YES;
				CLANG_WARN_OBJC_IMPLICIT_RETAIN_SELF = YES;
				CLANG_WARN_OBJC_LITERAL_CONVERSION = YES;
				CLANG_WARN_OBJC_ROOT_CLASS = YES_ERROR;
				CLANG_WARN_QUOTED_INCLUDE_IN_FRAMEWORK_HEADER = YES;
				CLANG_WARN_RANGE_LOOP_ANALYSIS = YES;
				CLANG_WARN_STRICT_PROTOTYPES = YES;
				CLANG_WARN_SUSPICIOUS_MOVE = YES;
				CLANG_WARN_UNGUARDED_AVAILABILITY = YES_AGGRESSIVE;
				CLANG_WARN_UNREACHABLE_CODE = YES;
				CLANG_WARN__DUPLICATE_METHOD_MATCH = YES;
				COPY_PHASE_STRIP = NO;
				DEBUG_INFORMATION_FORMAT = dwarf;
				ENABLE_STRICT_OBJC_MSGSEND = YES;
				ENABLE_TESTABILITY = YES;
				ENABLE_USER_SCRIPT_SANDBOXING = YES;
				GCC_C_LANGUAGE_STANDARD = gnu17;
				GCC_DYNAMIC_NO_PIC = NO;
				GCC_NO_COMMON_BLOCKS = YES;
				GCC_OPTIMIZATION_LEVEL = 0;
				GCC_PREPROCESSOR_DEFINITIONS = (
					"DEBUG=1",
					"$(inherited)",
				);
				GCC_WARN_64_TO_32_BIT_CONVERSION = YES;
				GCC_WARN_ABOUT_RETURN_TYPE = YES_ERROR;
				GCC_WARN_UNDECLARED_SELECTOR = YES;
				GCC_WARN_UNINITIALIZED_AUTOS = YES_AGGRESSIVE;
				GCC_WARN_UNUSED_FUNCTION = YES;
				GCC_WARN_UNUSED_VARIABLE = YES;
				IPHONEOS_DEPLOYMENT_TARGET = 17.0;
				LOCALIZATION_PREFERS_STRING_CATALOGS = YES;
				MTL_ENABLE_DEBUG_INFO = INCLUDE_SOURCE;
				MTL_FAST_MATH = YES;
				ONLY_ACTIVE_ARCH = YES;
				SDKROOT = iphoneos;
				SWIFT_ACTIVE_COMPILATION_CONDITIONS = "DEBUG $(inherited)";
				SWIFT_OPTIMIZATION_LEVEL = "-Onone";
			};
			name = Debug;
		};
		F713A5F12B15A8480022936E /* Release */ = {
			isa = XCBuildConfiguration;
			buildSettings = {
				ALWAYS_SEARCH_USER_PATHS = NO;
				ASSETCATALOG_COMPILER_GENERATE_SWIFT_ASSET_SYMBOL_EXTENSIONS = YES;
				CLANG_ANALYZER_NONNULL = YES;
				CLANG_ANALYZER_NUMBER_OBJECT_CONVERSION = YES_AGGRESSIVE;
				CLANG_CXX_LANGUAGE_STANDARD = "gnu++20";
				CLANG_ENABLE_MODULES = YES;
				CLANG_ENABLE_OBJC_ARC = YES;
				CLANG_ENABLE_OBJC_WEAK = YES;
				CLANG_WARN_BLOCK_CAPTURE_AUTORELEASING = YES;
				CLANG_WARN_BOOL_CONVERSION = YES;
				CLANG_WARN_COMMA = YES;
				CLANG_WARN_CONSTANT_CONVERSION = YES;
				CLANG_WARN_DEPRECATED_OBJC_IMPLEMENTATIONS = YES;
				CLANG_WARN_DIRECT_OBJC_ISA_USAGE = YES_ERROR;
				CLANG_WARN_DOCUMENTATION_COMMENTS = YES;
				CLANG_WARN_EMPTY_BODY = YES;
				CLANG_WARN_ENUM_CONVERSION = YES;
				CLANG_WARN_INFINITE_RECURSION = YES;
				CLANG_WARN_INT_CONVERSION = YES;
				CLANG_WARN_NON_LITERAL_NULL_CONVERSION = YES;
				CLANG_WARN_OBJC_IMPLICIT_RETAIN_SELF = YES;
				CLANG_WARN_OBJC_LITERAL_CONVERSION = YES;
				CLANG_WARN_OBJC_ROOT_CLASS = YES_ERROR;
				CLANG_WARN_QUOTED_INCLUDE_IN_FRAMEWORK_HEADER = YES;
				CLANG_WARN_RANGE_LOOP_ANALYSIS = YES;
				CLANG_WARN_STRICT_PROTOTYPES = YES;
				CLANG_WARN_SUSPICIOUS_MOVE = YES;
				CLANG_WARN_UNGUARDED_AVAILABILITY = YES_AGGRESSIVE;
				CLANG_WARN_UNREACHABLE_CODE = YES;
				CLANG_WARN__DUPLICATE_METHOD_MATCH = YES;
				COPY_PHASE_STRIP = NO;
				DEBUG_INFORMATION_FORMAT = "dwarf-with-dsym";
				ENABLE_NS_ASSERTIONS = NO;
				ENABLE_STRICT_OBJC_MSGSEND = YES;
				ENABLE_USER_SCRIPT_SANDBOXING = YES;
				GCC_C_LANGUAGE_STANDARD = gnu17;
				GCC_NO_COMMON_BLOCKS = YES;
				GCC_WARN_64_TO_32_BIT_CONVERSION = YES;
				GCC_WARN_ABOUT_RETURN_TYPE = YES_ERROR;
				GCC_WARN_UNDECLARED_SELECTOR = YES;
				GCC_WARN_UNINITIALIZED_AUTOS = YES_AGGRESSIVE;
				GCC_WARN_UNUSED_FUNCTION = YES;
				GCC_WARN_UNUSED_VARIABLE = YES;
				IPHONEOS_DEPLOYMENT_TARGET = 17.0;
				LOCALIZATION_PREFERS_STRING_CATALOGS = YES;
				MTL_ENABLE_DEBUG_INFO = NO;
				MTL_FAST_MATH = YES;
				SDKROOT = iphoneos;
				SWIFT_COMPILATION_MODE = wholemodule;
				VALIDATE_PRODUCT = YES;
			};
			name = Release;
		};
		F713A5F32B15A8480022936E /* Debug */ = {
			isa = XCBuildConfiguration;
			buildSettings = {
				ASSETCATALOG_COMPILER_APPICON_NAME = AppIcon;
				ASSETCATALOG_COMPILER_GLOBAL_ACCENT_COLOR_NAME = AccentColor;
				CODE_SIGN_STYLE = Automatic;
				CURRENT_PROJECT_VERSION = 1;
				DEVELOPMENT_TEAM = LCRJL3NRC8;
				GENERATE_INFOPLIST_FILE = YES;
				INFOPLIST_FILE = HomeworkCollectionView/Info.plist;
				INFOPLIST_KEY_UIApplicationSupportsIndirectInputEvents = YES;
				INFOPLIST_KEY_UILaunchStoryboardName = LaunchScreen;
				INFOPLIST_KEY_UIMainStoryboardFile = Main;
				INFOPLIST_KEY_UISupportedInterfaceOrientations_iPad = "UIInterfaceOrientationPortrait UIInterfaceOrientationPortraitUpsideDown UIInterfaceOrientationLandscapeLeft UIInterfaceOrientationLandscapeRight";
				INFOPLIST_KEY_UISupportedInterfaceOrientations_iPhone = "UIInterfaceOrientationPortrait UIInterfaceOrientationLandscapeLeft UIInterfaceOrientationLandscapeRight";
				LD_RUNPATH_SEARCH_PATHS = (
					"$(inherited)",
					"@executable_path/Frameworks",
				);
				MARKETING_VERSION = 1.0;
				PRODUCT_BUNDLE_IDENTIFIER = IvanZnak.HomeworkCollectionView;
				PRODUCT_NAME = "$(TARGET_NAME)";
				SWIFT_EMIT_LOC_STRINGS = YES;
				SWIFT_VERSION = 5.0;
				TARGETED_DEVICE_FAMILY = "1,2";
			};
			name = Debug;
		};
		F713A5F42B15A8480022936E /* Release */ = {
			isa = XCBuildConfiguration;
			buildSettings = {
				ASSETCATALOG_COMPILER_APPICON_NAME = AppIcon;
				ASSETCATALOG_COMPILER_GLOBAL_ACCENT_COLOR_NAME = AccentColor;
				CODE_SIGN_STYLE = Automatic;
				CURRENT_PROJECT_VERSION = 1;
				DEVELOPMENT_TEAM = LCRJL3NRC8;
				GENERATE_INFOPLIST_FILE = YES;
				INFOPLIST_FILE = HomeworkCollectionView/Info.plist;
				INFOPLIST_KEY_UIApplicationSupportsIndirectInputEvents = YES;
				INFOPLIST_KEY_UILaunchStoryboardName = LaunchScreen;
				INFOPLIST_KEY_UIMainStoryboardFile = Main;
				INFOPLIST_KEY_UISupportedInterfaceOrientations_iPad = "UIInterfaceOrientationPortrait UIInterfaceOrientationPortraitUpsideDown UIInterfaceOrientationLandscapeLeft UIInterfaceOrientationLandscapeRight";
				INFOPLIST_KEY_UISupportedInterfaceOrientations_iPhone = "UIInterfaceOrientationPortrait UIInterfaceOrientationLandscapeLeft UIInterfaceOrientationLandscapeRight";
				LD_RUNPATH_SEARCH_PATHS = (
					"$(inherited)",
					"@executable_path/Frameworks",
				);
				MARKETING_VERSION = 1.0;
				PRODUCT_BUNDLE_IDENTIFIER = IvanZnak.HomeworkCollectionView;
				PRODUCT_NAME = "$(TARGET_NAME)";
				SWIFT_EMIT_LOC_STRINGS = YES;
				SWIFT_VERSION = 5.0;
				TARGETED_DEVICE_FAMILY = "1,2";
			};
			name = Release;
		};
/* End XCBuildConfiguration section */

/* Begin XCConfigurationList section */
		F713A5D92B15A8460022936E /* Build configuration list for PBXProject "HomeworkCollectionView" */ = {
			isa = XCConfigurationList;
			buildConfigurations = (
				F713A5F02B15A8480022936E /* Debug */,
				F713A5F12B15A8480022936E /* Release */,
			);
			defaultConfigurationIsVisible = 0;
			defaultConfigurationName = Release;
		};
		F713A5F22B15A8480022936E /* Build configuration list for PBXNativeTarget "HomeworkCollectionView" */ = {
			isa = XCConfigurationList;
			buildConfigurations = (
				F713A5F32B15A8480022936E /* Debug */,
				F713A5F42B15A8480022936E /* Release */,
			);
			defaultConfigurationIsVisible = 0;
			defaultConfigurationName = Release;
		};
/* End XCConfigurationList section */
	};
	rootObject = F713A5D62B15A8460022936E /* Project object */;
}
